
Microsoft Visual Studio Solution File, Format Version 12.00
# Visual Studio Version 17
VisualStudioVersion = 17.14.36408.4
MinimumVisualStudioVersion = 10.0.40219.1
Project("{FAE04EC0-301F-11D3-BF4B-00C04F79EFBC}") = "FSI.Authentication.Application", "src\FSI.Authentication.Application\FSI.Authentication.Application.csproj", "{76DA38DC-88C1-00AB-F223-5181CFFB183A}"
EndProject
Project("{FAE04EC0-301F-11D3-BF4B-00C04F79EFBC}") = "FSI.Authentication.Domain", "src\FSI.Authentication.Domain\FSI.Authentication.Domain.csproj", "{A5F26792-C26C-C0A8-97CF-BCD7DF8EA034}"
EndProject
Project("{FAE04EC0-301F-11D3-BF4B-00C04F79EFBC}") = "FSI.Authentication.Infrastructure", "src\FSI.Authentication.Infrastructure\FSI.Authentication.Infrastructure.csproj", "{C5DB57DE-D692-42F0-578B-90F61AC031FA}"
EndProject
Project("{FAE04EC0-301F-11D3-BF4B-00C04F79EFBC}") = "FSI.Authentication.Presentation", "src\FSI.Authentication.Presentation\FSI.Authentication.Presentation.csproj", "{3054695F-E749-2323-C1A0-34AC9BFFE76E}"
EndProject
Global
	GlobalSection(SolutionConfigurationPlatforms) = preSolution
		Debug|Any CPU = Debug|Any CPU
		Release|Any CPU = Release|Any CPU
	EndGlobalSection
	GlobalSection(ProjectConfigurationPlatforms) = postSolution
		{76DA38DC-88C1-00AB-F223-5181CFFB183A}.Debug|Any CPU.ActiveCfg = Debug|Any CPU
		{76DA38DC-88C1-00AB-F223-5181CFFB183A}.Debug|Any CPU.Build.0 = Debug|Any CPU
		{76DA38DC-88C1-00AB-F223-5181CFFB183A}.Release|Any CPU.ActiveCfg = Release|Any CPU
		{76DA38DC-88C1-00AB-F223-5181CFFB183A}.Release|Any CPU.Build.0 = Release|Any CPU
		{A5F26792-C26C-C0A8-97CF-BCD7DF8EA034}.Debug|Any CPU.ActiveCfg = Debug|Any CPU
		{A5F26792-C26C-C0A8-97CF-BCD7DF8EA034}.Debug|Any CPU.Build.0 = Debug|Any CPU
		{A5F26792-C26C-C0A8-97CF-BCD7DF8EA034}.Release|Any CPU.ActiveCfg = Release|Any CPU
		{A5F26792-C26C-C0A8-97CF-BCD7DF8EA034}.Release|Any CPU.Build.0 = Release|Any CPU
		{C5DB57DE-D692-42F0-578B-90F61AC031FA}.Debug|Any CPU.ActiveCfg = Debug|Any CPU
		{C5DB57DE-D692-42F0-578B-90F61AC031FA}.Debug|Any CPU.Build.0 = Debug|Any CPU
		{C5DB57DE-D692-42F0-578B-90F61AC031FA}.Release|Any CPU.ActiveCfg = Release|Any CPU
		{C5DB57DE-D692-42F0-578B-90F61AC031FA}.Release|Any CPU.Build.0 = Release|Any CPU
		{3054695F-E749-2323-C1A0-34AC9BFFE76E}.Debug|Any CPU.ActiveCfg = Debug|Any CPU
		{3054695F-E749-2323-C1A0-34AC9BFFE76E}.Debug|Any CPU.Build.0 = Debug|Any CPU
		{3054695F-E749-2323-C1A0-34AC9BFFE76E}.Release|Any CPU.ActiveCfg = Release|Any CPU
		{3054695F-E749-2323-C1A0-34AC9BFFE76E}.Release|Any CPU.Build.0 = Release|Any CPU
	EndGlobalSection
	GlobalSection(SolutionProperties) = preSolution
		HideSolutionNode = FALSE
	EndGlobalSection
	GlobalSection(ExtensibilityGlobals) = postSolution
		SolutionGuid = {F2F27553-D4CA-4441-A819-ABB26015313E}
	EndGlobalSection
EndGlobal
